// !$*UTF8*$!
{
	archiveVersion = 1;
	classes = {
	};
	objectVersion = 50;
	objects = {

/* Begin PBXBuildFile section */
		70C58948214E331A00ABDA0D /* AppDelegate.swift in Sources */ = {isa = PBXBuildFile; fileRef = 70C58947214E331A00ABDA0D /* AppDelegate.swift */; };
		70C5894A214E331A00ABDA0D /* ViewController.swift in Sources */ = {isa = PBXBuildFile; fileRef = 70C58949214E331A00ABDA0D /* ViewController.swift */; };
		70C5894D214E331A00ABDA0D /* Main.storyboard in Resources */ = {isa = PBXBuildFile; fileRef = 70C5894B214E331A00ABDA0D /* Main.storyboard */; };
		70C5894F214E331C00ABDA0D /* Assets.xcassets in Resources */ = {isa = PBXBuildFile; fileRef = 70C5894E214E331C00ABDA0D /* Assets.xcassets */; };
		70C58952214E331C00ABDA0D /* LaunchScreen.storyboard in Resources */ = {isa = PBXBuildFile; fileRef = 70C58950214E331C00ABDA0D /* LaunchScreen.storyboard */; };
		70C5895D214E331D00ABDA0D /* ArrayDictionaryTests.swift in Sources */ = {isa = PBXBuildFile; fileRef = 70C5895C214E331D00ABDA0D /* ArrayDictionaryTests.swift */; };
		70C58968214E331D00ABDA0D /* ArrayDictionaryUITests.swift in Sources */ = {isa = PBXBuildFile; fileRef = 70C58967214E331D00ABDA0D /* ArrayDictionaryUITests.swift */; };
/* End PBXBuildFile section */

/* Begin PBXContainerItemProxy section */
		70C58959214E331D00ABDA0D /* PBXContainerItemProxy */ = {
			isa = PBXContainerItemProxy;
			containerPortal = 70C5893C214E331A00ABDA0D /* Project object */;
			proxyType = 1;
			remoteGlobalIDString = 70C58943214E331A00ABDA0D;
			remoteInfo = ArrayDictionary;
		};
		70C58964214E331D00ABDA0D /* PBXContainerItemProxy */ = {
			isa = PBXContainerItemProxy;
			containerPortal = 70C5893C214E331A00ABDA0D /* Project object */;
			proxyType = 1;
			remoteGlobalIDString = 70C58943214E331A00ABDA0D;
			remoteInfo = ArrayDictionary;
		};
/* End PBXContainerItemProxy section */

/* Begin PBXFileReference section */
		70C58944214E331A00ABDA0D /* ArrayDictionary.app */ = {isa = PBXFileReference; explicitFileType = wrapper.application; includeInIndex = 0; path = ArrayDictionary.app; sourceTree = BUILT_PRODUCTS_DIR; };
		70C58947214E331A00ABDA0D /* AppDelegate.swift */ = {isa = PBXFileReference; lastKnownFileType = sourcecode.swift; path = AppDelegate.swift; sourceTree = "<group>"; };
		70C58949214E331A00ABDA0D /* ViewController.swift */ = {isa = PBXFileReference; lastKnownFileType = sourcecode.swift; path = ViewController.swift; sourceTree = "<group>"; };
		70C5894C214E331A00ABDA0D /* Base */ = {isa = PBXFileReference; lastKnownFileType = file.storyboard; name = Base; path = Base.lproj/Main.storyboard; sourceTree = "<group>"; };
		70C5894E214E331C00ABDA0D /* Assets.xcassets */ = {isa = PBXFileReference; lastKnownFileType = folder.assetcatalog; path = Assets.xcassets; sourceTree = "<group>"; };
		70C58951214E331C00ABDA0D /* Base */ = {isa = PBXFileReference; lastKnownFileType = file.storyboard; name = Base; path = Base.lproj/LaunchScreen.storyboard; sourceTree = "<group>"; };
		70C58953214E331C00ABDA0D /* Info.plist */ = {isa = PBXFileReference; lastKnownFileType = text.plist.xml; path = Info.plist; sourceTree = "<group>"; };
		70C58958214E331D00ABDA0D /* ArrayDictionaryTests.xctest */ = {isa = PBXFileReference; explicitFileType = wrapper.cfbundle; includeInIndex = 0; path = ArrayDictionaryTests.xctest; sourceTree = BUILT_PRODUCTS_DIR; };
		70C5895C214E331D00ABDA0D /* ArrayDictionaryTests.swift */ = {isa = PBXFileReference; lastKnownFileType = sourcecode.swift; path = ArrayDictionaryTests.swift; sourceTree = "<group>"; };
		70C5895E214E331D00ABDA0D /* Info.plist */ = {isa = PBXFileReference; lastKnownFileType = text.plist.xml; path = Info.plist; sourceTree = "<group>"; };
		70C58963214E331D00ABDA0D /* ArrayDictionaryUITests.xctest */ = {isa = PBXFileReference; explicitFileType = wrapper.cfbundle; includeInIndex = 0; path = ArrayDictionaryUITests.xctest; sourceTree = BUILT_PRODUCTS_DIR; };
		70C58967214E331D00ABDA0D /* ArrayDictionaryUITests.swift */ = {isa = PBXFileReference; lastKnownFileType = sourcecode.swift; path = ArrayDictionaryUITests.swift; sourceTree = "<group>"; };
		70C58969214E331D00ABDA0D /* Info.plist */ = {isa = PBXFileReference; lastKnownFileType = text.plist.xml; path = Info.plist; sourceTree = "<group>"; };
/* End PBXFileReference section */

/* Begin PBXFrameworksBuildPhase section */
		70C58941214E331A00ABDA0D /* Frameworks */ = {
			isa = PBXFrameworksBuildPhase;
			buildActionMask = 2147483647;
			files = (
			);
			runOnlyForDeploymentPostprocessing = 0;
		};
		70C58955214E331D00ABDA0D /* Frameworks */ = {
			isa = PBXFrameworksBuildPhase;
			buildActionMask = 2147483647;
			files = (
			);
			runOnlyForDeploymentPostprocessing = 0;
		};
		70C58960214E331D00ABDA0D /* Frameworks */ = {
			isa = PBXFrameworksBuildPhase;
			buildActionMask = 2147483647;
			files = (
			);
			runOnlyForDeploymentPostprocessing = 0;
		};
/* End PBXFrameworksBuildPhase section */

/* Begin PBXGroup section */
		70C5893B214E331A00ABDA0D = {
			isa = PBXGroup;
			children = (
				70C58946214E331A00ABDA0D /* ArrayDictionary */,
				70C5895B214E331D00ABDA0D /* ArrayDictionaryTests */,
				70C58966214E331D00ABDA0D /* ArrayDictionaryUITests */,
				70C58945214E331A00ABDA0D /* Products */,
			);
			sourceTree = "<group>";
		};
		70C58945214E331A00ABDA0D /* Products */ = {
			isa = PBXGroup;
			children = (
				70C58944214E331A00ABDA0D /* ArrayDictionary.app */,
				70C58958214E331D00ABDA0D /* ArrayDictionaryTests.xctest */,
				70C58963214E331D00ABDA0D /* ArrayDictionaryUITests.xctest */,
			);
			name = Products;
			sourceTree = "<group>";
		};
		70C58946214E331A00ABDA0D /* ArrayDictionary */ = {
			isa = PBXGroup;
			children = (
				70C58947214E331A00ABDA0D /* AppDelegate.swift */,
				70C58949214E331A00ABDA0D /* ViewController.swift */,
				70C5894B214E331A00ABDA0D /* Main.storyboard */,
				70C5894E214E331C00ABDA0D /* Assets.xcassets */,
				70C58950214E331C00ABDA0D /* LaunchScreen.storyboard */,
				70C58953214E331C00ABDA0D /* Info.plist */,
			);
			path = ArrayDictionary;
			sourceTree = "<group>";
		};
		70C5895B214E331D00ABDA0D /* ArrayDictionaryTests */ = {
			isa = PBXGroup;
			children = (
				70C5895C214E331D00ABDA0D /* ArrayDictionaryTests.swift */,
				70C5895E214E331D00ABDA0D /* Info.plist */,
			);
			path = ArrayDictionaryTests;
			sourceTree = "<group>";
		};
		70C58966214E331D00ABDA0D /* ArrayDictionaryUITests */ = {
			isa = PBXGroup;
			children = (
				70C58967214E331D00ABDA0D /* ArrayDictionaryUITests.swift */,
				70C58969214E331D00ABDA0D /* Info.plist */,
			);
			path = ArrayDictionaryUITests;
			sourceTree = "<group>";
		};
/* End PBXGroup section */

/* Begin PBXNativeTarget section */
		70C58943214E331A00ABDA0D /* ArrayDictionary */ = {
			isa = PBXNativeTarget;
			buildConfigurationList = 70C5896C214E331D00ABDA0D /* Build configuration list for PBXNativeTarget "ArrayDictionary" */;
			buildPhases = (
				70C58940214E331A00ABDA0D /* Sources */,
				70C58941214E331A00ABDA0D /* Frameworks */,
				70C58942214E331A00ABDA0D /* Resources */,
			);
			buildRules = (
			);
			dependencies = (
			);
			name = ArrayDictionary;
			productName = ArrayDictionary;
			productReference = 70C58944214E331A00ABDA0D /* ArrayDictionary.app */;
			productType = "com.apple.product-type.application";
		};
		70C58957214E331D00ABDA0D /* ArrayDictionaryTests */ = {
			isa = PBXNativeTarget;
			buildConfigurationList = 70C5896F214E331D00ABDA0D /* Build configuration list for PBXNativeTarget "ArrayDictionaryTests" */;
			buildPhases = (
				70C58954214E331D00ABDA0D /* Sources */,
				70C58955214E331D00ABDA0D /* Frameworks */,
				70C58956214E331D00ABDA0D /* Resources */,
			);
			buildRules = (
			);
			dependencies = (
				70C5895A214E331D00ABDA0D /* PBXTargetDependency */,
			);
			name = ArrayDictionaryTests;
			productName = ArrayDictionaryTests;
			productReference = 70C58958214E331D00ABDA0D /* ArrayDictionaryTests.xctest */;
			productType = "com.apple.product-type.bundle.unit-test";
		};
		70C58962214E331D00ABDA0D /* ArrayDictionaryUITests */ = {
			isa = PBXNativeTarget;
			buildConfigurationList = 70C58972214E331D00ABDA0D /* Build configuration list for PBXNativeTarget "ArrayDictionaryUITests" */;
			buildPhases = (
				70C5895F214E331D00ABDA0D /* Sources */,
				70C58960214E331D00ABDA0D /* Frameworks */,
				70C58961214E331D00ABDA0D /* Resources */,
			);
			buildRules = (
			);
			dependencies = (
				70C58965214E331D00ABDA0D /* PBXTargetDependency */,
			);
			name = ArrayDictionaryUITests;
			productName = ArrayDictionaryUITests;
			productReference = 70C58963214E331D00ABDA0D /* ArrayDictionaryUITests.xctest */;
			productType = "com.apple.product-type.bundle.ui-testing";
		};
/* End PBXNativeTarget section */

/* Begin PBXProject section */
		70C5893C214E331A00ABDA0D /* Project object */ = {
			isa = PBXProject;
			attributes = {
				LastSwiftUpdateCheck = 0940;
				LastUpgradeCheck = 0940;
				ORGANIZATIONNAME = prachi;
				TargetAttributes = {
					70C58943214E331A00ABDA0D = {
						CreatedOnToolsVersion = 9.4.1;
					};
					70C58957214E331D00ABDA0D = {
						CreatedOnToolsVersion = 9.4.1;
						TestTargetID = 70C58943214E331A00ABDA0D;
					};
					70C58962214E331D00ABDA0D = {
						CreatedOnToolsVersion = 9.4.1;
						TestTargetID = 70C58943214E331A00ABDA0D;
					};
				};
			};
			buildConfigurationList = 70C5893F214E331A00ABDA0D /* Build configuration list for PBXProject "ArrayDictionary" */;
			compatibilityVersion = "Xcode 9.3";
			developmentRegion = en;
			hasScannedForEncodings = 0;
			knownRegions = (
				en,
				Base,
			);
			mainGroup = 70C5893B214E331A00ABDA0D;
			productRefGroup = 70C58945214E331A00ABDA0D /* Products */;
			projectDirPath = "";
			projectRoot = "";
			targets = (
				70C58943214E331A00ABDA0D /* ArrayDictionary */,
				70C58957214E331D00ABDA0D /* ArrayDictionaryTests */,
				70C58962214E331D00ABDA0D /* ArrayDictionaryUITests */,
			);
		};
/* End PBXProject section */

/* Begin PBXResourcesBuildPhase section */
		70C58942214E331A00ABDA0D /* Resources */ = {
			isa = PBXResourcesBuildPhase;
			buildActionMask = 2147483647;
			files = (
				70C58952214E331C00ABDA0D /* LaunchScreen.storyboard in Resources */,
				70C5894F214E331C00ABDA0D /* Assets.xcassets in Resources */,
				70C5894D214E331A00ABDA0D /* Main.storyboard in Resources */,
			);
			runOnlyForDeploymentPostprocessing = 0;
		};
		70C58956214E331D00ABDA0D /* Resources */ = {
			isa = PBXResourcesBuildPhase;
			buildActionMask = 2147483647;
			files = (
			);
			runOnlyForDeploymentPostprocessing = 0;
		};
		70C58961214E331D00ABDA0D /* Resources */ = {
			isa = PBXResourcesBuildPhase;
			buildActionMask = 2147483647;
			files = (
			);
			runOnlyForDeploymentPostprocessing = 0;
		};
/* End PBXResourcesBuildPhase section */

/* Begin PBXSourcesBuildPhase section */
		70C58940214E331A00ABDA0D /* Sources */ = {
			isa = PBXSourcesBuildPhase;
			buildActionMask = 2147483647;
			files = (
				70C5894A214E331A00ABDA0D /* ViewController.swift in Sources */,
				70C58948214E331A00ABDA0D /* AppDelegate.swift in Sources */,
			);
			runOnlyForDeploymentPostprocessing = 0;
		};
		70C58954214E331D00ABDA0D /* Sources */ = {
			isa = PBXSourcesBuildPhase;
			buildActionMask = 2147483647;
			files = (
				70C5895D214E331D00ABDA0D /* ArrayDictionaryTests.swift in Sources */,
			);
			runOnlyForDeploymentPostprocessing = 0;
		};
		70C5895F214E331D00ABDA0D /* Sources */ = {
			isa = PBXSourcesBuildPhase;
			buildActionMask = 2147483647;
			files = (
				70C58968214E331D00ABDA0D /* ArrayDictionaryUITests.swift in Sources */,
			);
			runOnlyForDeploymentPostprocessing = 0;
		};
/* End PBXSourcesBuildPhase section */

/* Begin PBXTargetDependency section */
		70C5895A214E331D00ABDA0D /* PBXTargetDependency */ = {
			isa = PBXTargetDependency;
			target = 70C58943214E331A00ABDA0D /* ArrayDictionary */;
			targetProxy = 70C58959214E331D00ABDA0D /* PBXContainerItemProxy */;
		};
		70C58965214E331D00ABDA0D /* PBXTargetDependency */ = {
			isa = PBXTargetDependency;
			target = 70C58943214E331A00ABDA0D /* ArrayDictionary */;
			targetProxy = 70C58964214E331D00ABDA0D /* PBXContainerItemProxy */;
		};
/* End PBXTargetDependency section */

/* Begin PBXVariantGroup section */
		70C5894B214E331A00ABDA0D /* Main.storyboard */ = {
			isa = PBXVariantGroup;
			children = (
				70C5894C214E331A00ABDA0D /* Base */,
			);
			name = Main.storyboard;
			sourceTree = "<group>";
		};
		70C58950214E331C00ABDA0D /* LaunchScreen.storyboard */ = {
			isa = PBXVariantGroup;
			children = (
				70C58951214E331C00ABDA0D /* Base */,
			);
			name = LaunchScreen.storyboard;
			sourceTree = "<group>";
		};
/* End PBXVariantGroup section */

/* Begin XCBuildConfiguration section */
		70C5896A214E331D00ABDA0D /* Debug */ = {
			isa = XCBuildConfiguration;
			buildSettings = {
				ALWAYS_SEARCH_USER_PATHS = NO;
				CLANG_ANALYZER_NONNULL = YES;
				CLANG_ANALYZER_NUMBER_OBJECT_CONVERSION = YES_AGGRESSIVE;
				CLANG_CXX_LANGUAGE_STANDARD = "gnu++14";
				CLANG_CXX_LIBRARY = "libc++";
				CLANG_ENABLE_MODULES = YES;
				CLANG_ENABLE_OBJC_ARC = YES;
				CLANG_ENABLE_OBJC_WEAK = YES;
				CLANG_WARN_BLOCK_CAPTURE_AUTORELEASING = YES;
				CLANG_WARN_BOOL_CONVERSION = YES;
				CLANG_WARN_COMMA = YES;
				CLANG_WARN_CONSTANT_CONVERSION = YES;
				CLANG_WARN_DEPRECATED_OBJC_IMPLEMENTATIONS = YES;
				CLANG_WARN_DIRECT_OBJC_ISA_USAGE = YES_ERROR;
				CLANG_WARN_DOCUMENTATION_COMMENTS = YES;
				CLANG_WARN_EMPTY_BODY = YES;
				CLANG_WARN_ENUM_CONVERSION = YES;
				CLANG_WARN_INFINITE_RECURSION = YES;
				CLANG_WARN_INT_CONVERSION = YES;
				CLANG_WARN_NON_LITERAL_NULL_CONVERSION = YES;
				CLANG_WARN_OBJC_IMPLICIT_RETAIN_SELF = YES;
				CLANG_WARN_OBJC_LITERAL_CONVERSION = YES;
				CLANG_WARN_OBJC_ROOT_CLASS = YES_ERROR;
				CLANG_WARN_RANGE_LOOP_ANALYSIS = YES;
				CLANG_WARN_STRICT_PROTOTYPES = YES;
				CLANG_WARN_SUSPICIOUS_MOVE = YES;
				CLANG_WARN_UNGUARDED_AVAILABILITY = YES_AGGRESSIVE;
				CLANG_WARN_UNREACHABLE_CODE = YES;
				CLANG_WARN__DUPLICATE_METHOD_MATCH = YES;
				CODE_SIGN_IDENTITY = "iPhone Developer";
				COPY_PHASE_STRIP = NO;
				DEBUG_INFORMATION_FORMAT = dwarf;
				ENABLE_STRICT_OBJC_MSGSEND = YES;
				ENABLE_TESTABILITY = YES;
				GCC_C_LANGUAGE_STANDARD = gnu11;
				GCC_DYNAMIC_NO_PIC = NO;
				GCC_NO_COMMON_BLOCKS = YES;
				GCC_OPTIMIZATION_LEVEL = 0;
				GCC_PREPROCESSOR_DEFINITIONS = (
					"DEBUG=1",
					"$(inherited)",
				);
				GCC_WARN_64_TO_32_BIT_CONVERSION = YES;
				GCC_WARN_ABOUT_RETURN_TYPE = YES_ERROR;
				GCC_WARN_UNDECLARED_SELECTOR = YES;
				GCC_WARN_UNINITIALIZED_AUTOS = YES_AGGRESSIVE;
				GCC_WARN_UNUSED_FUNCTION = YES;
				GCC_WARN_UNUSED_VARIABLE = YES;
				IPHONEOS_DEPLOYMENT_TARGET = 11.4;
				MTL_ENABLE_DEBUG_INFO = YES;
				ONLY_ACTIVE_ARCH = YES;
				SDKROOT = iphoneos;
				SWIFT_ACTIVE_COMPILATION_CONDITIONS = DEBUG;
				SWIFT_OPTIMIZATION_LEVEL = "-Onone";
			};
			name = Debug;
		};
		70C5896B214E331D00ABDA0D /* Release */ = {
			isa = XCBuildConfiguration;
			buildSettings = {
				ALWAYS_SEARCH_USER_PATHS = NO;
				CLANG_ANALYZER_NONNULL = YES;
				CLANG_ANALYZER_NUMBER_OBJECT_CONVERSION = YES_AGGRESSIVE;
				CLANG_CXX_LANGUAGE_STANDARD = "gnu++14";
				CLANG_CXX_LIBRARY = "libc++";
				CLANG_ENABLE_MODULES = YES;
				CLANG_ENABLE_OBJC_ARC = YES;
				CLANG_ENABLE_OBJC_WEAK = YES;
				CLANG_WARN_BLOCK_CAPTURE_AUTORELEASING = YES;
				CLANG_WARN_BOOL_CONVERSION = YES;
				CLANG_WARN_COMMA = YES;
				CLANG_WARN_CONSTANT_CONVERSION = YES;
				CLANG_WARN_DEPRECATED_OBJC_IMPLEMENTATIONS = YES;
				CLANG_WARN_DIRECT_OBJC_ISA_USAGE = YES_ERROR;
				CLANG_WARN_DOCUMENTATION_COMMENTS = YES;
				CLANG_WARN_EMPTY_BODY = YES;
				CLANG_WARN_ENUM_CONVERSION = YES;
				CLANG_WARN_INFINITE_RECURSION = YES;
				CLANG_WARN_INT_CONVERSION = YES;
				CLANG_WARN_NON_LITERAL_NULL_CONVERSION = YES;
				CLANG_WARN_OBJC_IMPLICIT_RETAIN_SELF = YES;
				CLANG_WARN_OBJC_LITERAL_CONVERSION = YES;
				CLANG_WARN_OBJC_ROOT_CLASS = YES_ERROR;
				CLANG_WARN_RANGE_LOOP_ANALYSIS = YES;
				CLANG_WARN_STRICT_PROTOTYPES = YES;
				CLANG_WARN_SUSPICIOUS_MOVE = YES;
				CLANG_WARN_UNGUARDED_AVAILABILITY = YES_AGGRESSIVE;
				CLANG_WARN_UNREACHABLE_CODE = YES;
				CLANG_WARN__DUPLICATE_METHOD_MATCH = YES;
				CODE_SIGN_IDENTITY = "iPhone Developer";
				COPY_PHASE_STRIP = NO;
				DEBUG_INFORMATION_FORMAT = "dwarf-with-dsym";
				ENABLE_NS_ASSERTIONS = NO;
				ENABLE_STRICT_OBJC_MSGSEND = YES;
				GCC_C_LANGUAGE_STANDARD = gnu11;
				GCC_NO_COMMON_BLOCKS = YES;
				GCC_WARN_64_TO_32_BIT_CONVERSION = YES;
				GCC_WARN_ABOUT_RETURN_TYPE = YES_ERROR;
				GCC_WARN_UNDECLARED_SELECTOR = YES;
				GCC_WARN_UNINITIALIZED_AUTOS = YES_AGGRESSIVE;
				GCC_WARN_UNUSED_FUNCTION = YES;
				GCC_WARN_UNUSED_VARIABLE = YES;
				IPHONEOS_DEPLOYMENT_TARGET = 11.4;
				MTL_ENABLE_DEBUG_INFO = NO;
				SDKROOT = iphoneos;
				SWIFT_COMPILATION_MODE = wholemodule;
				SWIFT_OPTIMIZATION_LEVEL = "-O";
				VALIDATE_PRODUCT = YES;
			};
			name = Release;
		};
		70C5896D214E331D00ABDA0D /* Debug */ = {
			isa = XCBuildConfiguration;
			buildSettings = {
				ASSETCATALOG_COMPILER_APPICON_NAME = AppIcon;
				CODE_SIGN_STYLE = Automatic;
				INFOPLIST_FILE = ArrayDictionary/Info.plist;
				LD_RUNPATH_SEARCH_PATHS = (
					"$(inherited)",
					"@executable_path/Frameworks",
				);
				PRODUCT_BUNDLE_IDENTIFIER = prachipatil.ArrayDictionary;
				PRODUCT_NAME = "$(TARGET_NAME)";
				SWIFT_VERSION = 4.0;
				TARGETED_DEVICE_FAMILY = "1,2";
			};
			name = Debug;
		};
		70C5896E214E331D00ABDA0D /* Release */ = {
			isa = XCBuildConfiguration;
			buildSettings = {
				ASSETCATALOG_COMPILER_APPICON_NAME = AppIcon;
				CODE_SIGN_STYLE = Automatic;
				INFOPLIST_FILE = ArrayDictionary/Info.plist;
				LD_RUNPATH_SEARCH_PATHS = (
					"$(inherited)",
					"@executable_path/Frameworks",
				);
				PRODUCT_BUNDLE_IDENTIFIER = prachipatil.ArrayDictionary;
				PRODUCT_NAME = "$(TARGET_NAME)";
				SWIFT_VERSION = 4.0;
				TARGETED_DEVICE_FAMILY = "1,2";
			};
			name = Release;
		};
		70C58970214E331D00ABDA0D /* Debug */ = {
			isa = XCBuildConfiguration;
			buildSettings = {
				ALWAYS_EMBED_SWIFT_STANDARD_LIBRARIES = YES;
				BUNDLE_LOADER = "$(TEST_HOST)";
				CODE_SIGN_STYLE = Automatic;
				INFOPLIST_FILE = ArrayDictionaryTests/Info.plist;
				LD_RUNPATH_SEARCH_PATHS = (
					"$(inherited)",
					"@executable_path/Frameworks",
					"@loader_path/Frameworks",
				);
				PRODUCT_BUNDLE_IDENTIFIER = prachipatil.ArrayDictionaryTests;
				PRODUCT_NAME = "$(TARGET_NAME)";
				SWIFT_VERSION = 4.0;
				TARGETED_DEVICE_FAMILY = "1,2";
				TEST_HOST = "$(BUILT_PRODUCTS_DIR)/ArrayDictionary.app/ArrayDictionary";
			};
			name = Debug;
		};
		70C58971214E331D00ABDA0D /* Release */ = {
			isa = XCBuildConfiguration;
			buildSettings = {
				ALWAYS_EMBED_SWIFT_STANDARD_LIBRARIES = YES;
				BUNDLE_LOADER = "$(TEST_HOST)";
				CODE_SIGN_STYLE = Automatic;
				INFOPLIST_FILE = ArrayDictionaryTests/Info.plist;
				LD_RUNPATH_SEARCH_PATHS = (
					"$(inherited)",
					"@executable_path/Frameworks",
					"@loader_path/Frameworks",
				);
				PRODUCT_BUNDLE_IDENTIFIER = prachipatil.ArrayDictionaryTests;
				PRODUCT_NAME = "$(TARGET_NAME)";
				SWIFT_VERSION = 4.0;
				TARGETED_DEVICE_FAMILY = "1,2";
				TEST_HOST = "$(BUILT_PRODUCTS_DIR)/ArrayDictionary.app/ArrayDictionary";
			};
			name = Release;
		};
		70C58973214E331D00ABDA0D /* Debug */ = {
			isa = XCBuildConfiguration;
			buildSettings = {
				ALWAYS_EMBED_SWIFT_STANDARD_LIBRARIES = YES;
				CODE_SIGN_STYLE = Automatic;
				INFOPLIST_FILE = ArrayDictionaryUITests/Info.plist;
				LD_RUNPATH_SEARCH_PATHS = (
					"$(inherited)",
					"@executable_path/Frameworks",
					"@loader_path/Frameworks",
				);
				PRODUCT_BUNDLE_IDENTIFIER = prachipatil.ArrayDictionaryUITests;
				PRODUCT_NAME = "$(TARGET_NAME)";
				SWIFT_VERSION = 4.0;
				TARGETED_DEVICE_FAMILY = "1,2";
				TEST_TARGET_NAME = ArrayDictionary;
			};
			name = Debug;
		};
		70C58974214E331D00ABDA0D /* Release */ = {
			isa = XCBuildConfiguration;
			buildSettings = {
				ALWAYS_EMBED_SWIFT_STANDARD_LIBRARIES = YES;
				CODE_SIGN_STYLE = Automatic;
				INFOPLIST_FILE = ArrayDictionaryUITests/Info.plist;
				LD_RUNPATH_SEARCH_PATHS = (
					"$(inherited)",
					"@executable_path/Frameworks",
					"@loader_path/Frameworks",
				);
				PRODUCT_BUNDLE_IDENTIFIER = prachipatil.ArrayDictionaryUITests;
				PRODUCT_NAME = "$(TARGET_NAME)";
				SWIFT_VERSION = 4.0;
				TARGETED_DEVICE_FAMILY = "1,2";
				TEST_TARGET_NAME = ArrayDictionary;
			};
			name = Release;
		};
/* End XCBuildConfiguration section */

/* Begin XCConfigurationList section */
		70C5893F214E331A00ABDA0D /* Build configuration list for PBXProject "ArrayDictionary" */ = {
			isa = XCConfigurationList;
			buildConfigurations = (
				70C5896A214E331D00ABDA0D /* Debug */,
				70C5896B214E331D00ABDA0D /* Release */,
			);
			defaultConfigurationIsVisible = 0;
			defaultConfigurationName = Release;
		};
		70C5896C214E331D00ABDA0D /* Build configuration list for PBXNativeTarget "ArrayDictionary" */ = {
			isa = XCConfigurationList;
			buildConfigurations = (
				70C5896D214E331D00ABDA0D /* Debug */,
				70C5896E214E331D00ABDA0D /* Release */,
			);
			defaultConfigurationIsVisible = 0;
			defaultConfigurationName = Release;
		};
		70C5896F214E331D00ABDA0D /* Build configuration list for PBXNativeTarget "ArrayDictionaryTests" */ = {
			isa = XCConfigurationList;
			buildConfigurations = (
				70C58970214E331D00ABDA0D /* Debug */,
				70C58971214E331D00ABDA0D /* Release */,
			);
			defaultConfigurationIsVisible = 0;
			defaultConfigurationName = Release;
		};
		70C58972214E331D00ABDA0D /* Build configuration list for PBXNativeTarget "ArrayDictionaryUITests" */ = {
			isa = XCConfigurationList;
			buildConfigurations = (
				70C58973214E331D00ABDA0D /* Debug */,
				70C58974214E331D00ABDA0D /* Release */,
			);
			defaultConfigurationIsVisible = 0;
			defaultConfigurationName = Release;
		};
/* End XCConfigurationList section */
	};
	rootObject = 70C5893C214E331A00ABDA0D /* Project object */;
}
